
Microsoft Visual Studio Solution File, Format Version 12.00
# Visual Studio Version 16
VisualStudioVersion = 16.0.31019.35
MinimumVisualStudioVersion = 10.0.40219.1
Project("{9A19103F-16F7-4668-BE54-9A1E7A4F7556}") = "PlcMitsubishiLibrary", "PlcMitsubishiLibrary\PlcMitsubishiLibrary.csproj", "{E1735976-BC8D-49E4-8DE5-4FE4083C440A}"
EndProject
Project("{9A19103F-16F7-4668-BE54-9A1E7A4F7556}") = "plcMistubishiConsole", "plcMistubishiConsole\plcMistubishiConsole.csproj", "{17240DFF-724C-48A6-8D77-541EB89D7BDA}"
EndProject
Project("{9A19103F-16F7-4668-BE54-9A1E7A4F7556}") = "PlcMistubishi_FakeDevice", "PlcMistubishi_FakeDevice\PlcMistubishi_FakeDevice.csproj", "{8997F41C-4501-4CDE-91A4-F8DF9B148CDF}"
EndProject
Global
	GlobalSection(SolutionConfigurationPlatforms) = preSolution
		Debug|Any CPU = Debug|Any CPU
		Debug|x86 = Debug|x86
		Release|Any CPU = Release|Any CPU
		Release|x86 = Release|x86
	EndGlobalSection
	GlobalSection(ProjectConfigurationPlatforms) = postSolution
		{E1735976-BC8D-49E4-8DE5-4FE4083C440A}.Debug|Any CPU.ActiveCfg = Debug|Any CPU
		{E1735976-BC8D-49E4-8DE5-4FE4083C440A}.Debug|Any CPU.Build.0 = Debug|Any CPU
		{E1735976-BC8D-49E4-8DE5-4FE4083C440A}.Debug|x86.ActiveCfg = Debug|x86
		{E1735976-BC8D-49E4-8DE5-4FE4083C440A}.Debug|x86.Build.0 = Debug|x86
		{E1735976-BC8D-49E4-8DE5-4FE4083C440A}.Release|Any CPU.ActiveCfg = Release|Any CPU
		{E1735976-BC8D-49E4-8DE5-4FE4083C440A}.Release|Any CPU.Build.0 = Release|Any CPU
		{E1735976-BC8D-49E4-8DE5-4FE4083C440A}.Release|x86.ActiveCfg = Release|x86
		{E1735976-BC8D-49E4-8DE5-4FE4083C440A}.Release|x86.Build.0 = Release|x86
		{17240DFF-724C-48A6-8D77-541EB89D7BDA}.Debug|Any CPU.ActiveCfg = Debug|Any CPU
		{17240DFF-724C-48A6-8D77-541EB89D7BDA}.Debug|Any CPU.Build.0 = Debug|Any CPU
		{17240DFF-724C-48A6-8D77-541EB89D7BDA}.Debug|x86.ActiveCfg = Debug|x86
		{17240DFF-724C-48A6-8D77-541EB89D7BDA}.Debug|x86.Build.0 = Debug|x86
		{17240DFF-724C-48A6-8D77-541EB89D7BDA}.Release|Any CPU.ActiveCfg = Release|Any CPU
		{17240DFF-724C-48A6-8D77-541EB89D7BDA}.Release|Any CPU.Build.0 = Release|Any CPU
		{17240DFF-724C-48A6-8D77-541EB89D7BDA}.Release|x86.ActiveCfg = Release|x86
		{17240DFF-724C-48A6-8D77-541EB89D7BDA}.Release|x86.Build.0 = Release|x86
		{8997F41C-4501-4CDE-91A4-F8DF9B148CDF}.Debug|Any CPU.ActiveCfg = Debug|Any CPU
		{8997F41C-4501-4CDE-91A4-F8DF9B148CDF}.Debug|Any CPU.Build.0 = Debug|Any CPU
		{8997F41C-4501-4CDE-91A4-F8DF9B148CDF}.Debug|x86.ActiveCfg = Debug|Any CPU
		{8997F41C-4501-4CDE-91A4-F8DF9B148CDF}.Debug|x86.Build.0 = Debug|Any CPU
		{8997F41C-4501-4CDE-91A4-F8DF9B148CDF}.Release|Any CPU.ActiveCfg = Release|Any CPU
		{8997F41C-4501-4CDE-91A4-F8DF9B148CDF}.Release|Any CPU.Build.0 = Release|Any CPU
		{8997F41C-4501-4CDE-91A4-F8DF9B148CDF}.Release|x86.ActiveCfg = Release|Any CPU
		{8997F41C-4501-4CDE-91A4-F8DF9B148CDF}.Release|x86.Build.0 = Release|Any CPU
	EndGlobalSection
	GlobalSection(SolutionProperties) = preSolution
		HideSolutionNode = FALSE
	EndGlobalSection
	GlobalSection(ExtensibilityGlobals) = postSolution
		SolutionGuid = {318ABF2C-6342-46A5-B9F5-30424890C12C}
	EndGlobalSection
EndGlobal
